{
  "name": "xmlextractor",
  "lockfileVersion": 3,
  "requires": true,
  "packages": {
    "": {
      "dependencies": {
        "eyes": "^0.1.8",
        "hash-jenkins": "^1.0.1",
        "joaathasher": "^1.0.4",
        "minimist": "^1.2.8",
        "quaternion": "^1.5.1",
        "quaternion-to-euler": "^0.5.0",
        "xml2js": "^0.6.2"
      }
    },
    "node_modules/eyes": {
      "version": "0.1.8",
      "resolved": "https://registry.npmjs.org/eyes/-/eyes-0.1.8.tgz",
      "integrity": "sha512-GipyPsXO1anza0AOZdy69Im7hGFCNB7Y/NGjDlZGJ3GJJLtwNSb2vrzYrTYJRrRloVx7pl+bhUaTB8yiccPvFQ==",
      "engines": {
        "node": "> 0.1.90"
      }
    },
    "node_modules/hash-jenkins": {
      "version": "1.0.1",
      "resolved": "https://registry.npmjs.org/hash-jenkins/-/hash-jenkins-1.0.1.tgz",
      "integrity": "sha512-23jW8vDah6Zk0ZWRXcC95WGcehUugECuR+oPwJijvXp0Zhb5XesIpYqjBAus/XB/A/Rqvp6bY+rwYHSl05X5bA=="
    },
    "node_modules/joaathasher": {
      "version": "1.0.4",
      "resolved": "https://registry.npmjs.org/joaathasher/-/joaathasher-1.0.4.tgz",
      "integrity": "sha512-f+iJn9wBUn66p8U8vGY4g/j0OE7b5oaaiH0B7OfGwXidWysAkHIuE2sl+gd4h3lUP7/5oZEM8l/BHLkaDsrFOw==",
      "bin": {
        "joaat": "index.js"
      }
    },
    "node_modules/minimist": {
      "version": "1.2.8",
      "resolved": "https://registry.npmjs.org/minimist/-/minimist-1.2.8.tgz",
      "integrity": "sha512-2yyAR8qBkN3YuheJanUpWC5U3bb5osDywNB8RzDVlDwDHbocAJveqqj1u8+SVD7jkWT4yvsHCpWqqWqAxb0zCA==",
      "funding": {
        "url": "https://github.com/sponsors/ljharb"
      }
    },
    "node_modules/quaternion": {
      "version": "1.5.1",
      "resolved": "https://registry.npmjs.org/quaternion/-/quaternion-1.5.1.tgz",
      "integrity": "sha512-VwrFuGDZ+MRxytT2Lo8zKwnwUF++sk2xGtAGbD4b/rjqttg81LuCkwgMGPui40WHzdG2Gh1eg3wHD+nmAmbN1Q==",
      "engines": {
        "node": "*"
      },
      "funding": {
        "type": "patreon",
        "url": "https://www.patreon.com/infusion"
      }
    },
    "node_modules/quaternion-to-euler": {
      "version": "0.5.0",
      "resolved": "https://registry.npmjs.org/quaternion-to-euler/-/quaternion-to-euler-0.5.0.tgz",
      "integrity": "sha512-viHK7joGOxXp2u43gjFpAc0ebY34BVkVX5rSGcvYxPhU8Rb0utsMjY/1T2cuIotd97+WnXPmaROdRCHhiw+ibw=="
    },
    "node_modules/sax": {
      "version": "1.3.0",
      "resolved": "https://registry.npmjs.org/sax/-/sax-1.3.0.tgz",
      "integrity": "sha512-0s+oAmw9zLl1V1cS9BtZN7JAd0cW5e0QH4W3LWEK6a4LaLEA2OTpGYWDY+6XasBLtz6wkm3u1xRw95mRuJ59WA=="
    },
    "node_modules/xml2js": {
      "version": "0.6.2",
      "resolved": "https://registry.npmjs.org/xml2js/-/xml2js-0.6.2.tgz",
      "integrity": "sha512-T4rieHaC1EXcES0Kxxj4JWgaUQHDk+qwHcYOCFHfiwKz7tOVPLq7Hjq9dM1WCMhylqMEfP7hMcOIChvotiZegA==",
      "dependencies": {
        "sax": ">=0.6.0",
        "xmlbuilder": "~11.0.0"
      },
      "engines": {
        "node": ">=4.0.0"
      }
    },
    "node_modules/xmlbuilder": {
      "version": "11.0.1",
      "resolved": "https://registry.npmjs.org/xmlbuilder/-/xmlbuilder-11.0.1.tgz",
      "integrity": "sha512-fDlsI/kFEx7gLvbecc0/ohLG50fugQp8ryHzMTuW9vSa1GJ0XYWKnhsUx7oie3G98+r56aTQIUB4kht42R3JvA==",
      "engines": {
        "node": ">=4.0"
      }
    }
  }
}
